
Microsoft Visual Studio Solution File, Format Version 12.00
# Visual Studio Version 16
VisualStudioVersion = 16.0.30611.23
MinimumVisualStudioVersion = 10.0.40219.1
Project("{FAE04EC0-301F-11D3-BF4B-00C04F79EFBC}") = "ADETQ3_James_Sampedro", "ADETQ3_James_Sampedro.csproj", "{394DC40F-A18E-4C84-A8C8-20C44D852AB2}"
EndProject
Global
	GlobalSection(SolutionConfigurationPlatforms) = preSolution
		Debug|Any CPU = Debug|Any CPU
		Release|Any CPU = Release|Any CPU
	EndGlobalSection
	GlobalSection(ProjectConfigurationPlatforms) = postSolution
		{394DC40F-A18E-4C84-A8C8-20C44D852AB2}.Debug|Any CPU.ActiveCfg = Debug|Any CPU
		{394DC40F-A18E-4C84-A8C8-20C44D852AB2}.Debug|Any CPU.Build.0 = Debug|Any CPU
		{394DC40F-A18E-4C84-A8C8-20C44D852AB2}.Release|Any CPU.ActiveCfg = Release|Any CPU
		{394DC40F-A18E-4C84-A8C8-20C44D852AB2}.Release|Any CPU.Build.0 = Release|Any CPU
	EndGlobalSection
	GlobalSection(SolutionProperties) = preSolution
		HideSolutionNode = FALSE
	EndGlobalSection
	GlobalSection(ExtensibilityGlobals) = postSolution
		SolutionGuid = {E42EC1EF-4450-4737-AF73-810E12733E9B}
	EndGlobalSection
EndGlobal
